
Microsoft Visual Studio Solution File, Format Version 12.00
# Visual Studio 14
VisualStudioVersion = 14.0.25420.1
MinimumVisualStudioVersion = 10.0.40219.1
Project("{FAE04EC0-301F-11D3-BF4B-00C04F79EFBC}") = "Kasbaah.API", "Kasbaah.API\Kasbaah.API.csproj", "{D5784D65-6554-411B-9DBE-C0B22B3D858E}"
EndProject
Project("{FAE04EC0-301F-11D3-BF4B-00C04F79EFBC}") = "Kasbaah.API.Tests", "Kasbaah.API.Tests\Kasbaah.API.Tests.csproj", "{2C6CB899-FFAB-44CC-A64F-CEA1136BE292}"
EndProject
Project("{2150E333-8FDC-42A3-9474-1A3956D46DE8}") = "1 - API", "1 - API", "{09D09B5F-4815-465A-B705-9F9DE8505402}"
EndProject
Project("{2150E333-8FDC-42A3-9474-1A3956D46DE8}") = "2 - Processo", "2 - Processo", "{B4ADD0C1-8ECC-41CF-A351-35DC0A8C29A0}"
EndProject
Project("{2150E333-8FDC-42A3-9474-1A3956D46DE8}") = "3 - Repositorio", "3 - Repositorio", "{9383F755-35DD-4E04-926D-C27A338B653C}"
EndProject
Project("{2150E333-8FDC-42A3-9474-1A3956D46DE8}") = "4 - Dominio", "4 - Dominio", "{CCA835F7-20F9-4454-85A1-CEF1C1719F0D}"
EndProject
Project("{2150E333-8FDC-42A3-9474-1A3956D46DE8}") = "5 - Injetor", "5 - Injetor", "{F4470D81-4745-4CCC-A82A-E1E8128A788A}"
EndProject
Project("{FAE04EC0-301F-11D3-BF4B-00C04F79EFBC}") = "Kasbaah.Processo", "Kasbaah.Processo\Kasbaah.Processo.csproj", "{A783128F-D952-4E04-A505-B877F090BC0D}"
EndProject
Project("{FAE04EC0-301F-11D3-BF4B-00C04F79EFBC}") = "Kasbaah.Repositorio", "Kasbaah.Repositorio\Kasbaah.Repositorio.csproj", "{74A3239F-F1CC-481E-BA9E-F8BF4377A4A3}"
EndProject
Project("{FAE04EC0-301F-11D3-BF4B-00C04F79EFBC}") = "Kasbaah.Dominio.Entidade", "Kasbaah.Dominio.Entidade\Kasbaah.Dominio.Entidade.csproj", "{4230E7B4-3FD8-4385-AB9F-4F8FE2F35489}"
EndProject
Project("{FAE04EC0-301F-11D3-BF4B-00C04F79EFBC}") = "Kasbaah.Dominio.DTO", "Kasbaah.Dominio.DTO\Kasbaah.Dominio.DTO.csproj", "{5425AE67-E314-46BC-B242-E791E49FA523}"
EndProject
Project("{FAE04EC0-301F-11D3-BF4B-00C04F79EFBC}") = "Kasbaah.Dominio.Interface", "Kasbaah.Dominio.Interface\Kasbaah.Dominio.Interface.csproj", "{0A2A5D89-556A-4604-B933-19EBD7AB0435}"
EndProject
Project("{FAE04EC0-301F-11D3-BF4B-00C04F79EFBC}") = "Kasbaah.Injetor", "Kasbaah.Injetor\Kasbaah.Injetor.csproj", "{ADF4C125-62AC-45A5-B3CA-E30DF4CDEB64}"
EndProject
Project("{2150E333-8FDC-42A3-9474-1A3956D46DE8}") = "6 - Util", "6 - Util", "{5BA3A84D-0051-496A-9189-F46430923637}"
EndProject
Project("{FAE04EC0-301F-11D3-BF4B-00C04F79EFBC}") = "Kasbaah.Util", "Kasbaah.Util\Kasbaah.Util.csproj", "{8D7D927D-3A85-49A6-B4E0-9C89B84C54ED}"
EndProject
Global
	GlobalSection(SolutionConfigurationPlatforms) = preSolution
		Debug|Any CPU = Debug|Any CPU
		Release|Any CPU = Release|Any CPU
	EndGlobalSection
	GlobalSection(ProjectConfigurationPlatforms) = postSolution
		{D5784D65-6554-411B-9DBE-C0B22B3D858E}.Debug|Any CPU.ActiveCfg = Debug|Any CPU
		{D5784D65-6554-411B-9DBE-C0B22B3D858E}.Debug|Any CPU.Build.0 = Debug|Any CPU
		{D5784D65-6554-411B-9DBE-C0B22B3D858E}.Release|Any CPU.ActiveCfg = Release|Any CPU
		{D5784D65-6554-411B-9DBE-C0B22B3D858E}.Release|Any CPU.Build.0 = Release|Any CPU
		{2C6CB899-FFAB-44CC-A64F-CEA1136BE292}.Debug|Any CPU.ActiveCfg = Debug|Any CPU
		{2C6CB899-FFAB-44CC-A64F-CEA1136BE292}.Debug|Any CPU.Build.0 = Debug|Any CPU
		{2C6CB899-FFAB-44CC-A64F-CEA1136BE292}.Release|Any CPU.ActiveCfg = Release|Any CPU
		{2C6CB899-FFAB-44CC-A64F-CEA1136BE292}.Release|Any CPU.Build.0 = Release|Any CPU
		{A783128F-D952-4E04-A505-B877F090BC0D}.Debug|Any CPU.ActiveCfg = Debug|Any CPU
		{A783128F-D952-4E04-A505-B877F090BC0D}.Debug|Any CPU.Build.0 = Debug|Any CPU
		{A783128F-D952-4E04-A505-B877F090BC0D}.Release|Any CPU.ActiveCfg = Release|Any CPU
		{A783128F-D952-4E04-A505-B877F090BC0D}.Release|Any CPU.Build.0 = Release|Any CPU
		{74A3239F-F1CC-481E-BA9E-F8BF4377A4A3}.Debug|Any CPU.ActiveCfg = Debug|Any CPU
		{74A3239F-F1CC-481E-BA9E-F8BF4377A4A3}.Debug|Any CPU.Build.0 = Debug|Any CPU
		{74A3239F-F1CC-481E-BA9E-F8BF4377A4A3}.Release|Any CPU.ActiveCfg = Release|Any CPU
		{74A3239F-F1CC-481E-BA9E-F8BF4377A4A3}.Release|Any CPU.Build.0 = Release|Any CPU
		{4230E7B4-3FD8-4385-AB9F-4F8FE2F35489}.Debug|Any CPU.ActiveCfg = Debug|Any CPU
		{4230E7B4-3FD8-4385-AB9F-4F8FE2F35489}.Debug|Any CPU.Build.0 = Debug|Any CPU
		{4230E7B4-3FD8-4385-AB9F-4F8FE2F35489}.Release|Any CPU.ActiveCfg = Release|Any CPU
		{4230E7B4-3FD8-4385-AB9F-4F8FE2F35489}.Release|Any CPU.Build.0 = Release|Any CPU
		{5425AE67-E314-46BC-B242-E791E49FA523}.Debug|Any CPU.ActiveCfg = Debug|Any CPU
		{5425AE67-E314-46BC-B242-E791E49FA523}.Debug|Any CPU.Build.0 = Debug|Any CPU
		{5425AE67-E314-46BC-B242-E791E49FA523}.Release|Any CPU.ActiveCfg = Release|Any CPU
		{5425AE67-E314-46BC-B242-E791E49FA523}.Release|Any CPU.Build.0 = Release|Any CPU
		{0A2A5D89-556A-4604-B933-19EBD7AB0435}.Debug|Any CPU.ActiveCfg = Debug|Any CPU
		{0A2A5D89-556A-4604-B933-19EBD7AB0435}.Debug|Any CPU.Build.0 = Debug|Any CPU
		{0A2A5D89-556A-4604-B933-19EBD7AB0435}.Release|Any CPU.ActiveCfg = Release|Any CPU
		{0A2A5D89-556A-4604-B933-19EBD7AB0435}.Release|Any CPU.Build.0 = Release|Any CPU
		{ADF4C125-62AC-45A5-B3CA-E30DF4CDEB64}.Debug|Any CPU.ActiveCfg = Debug|Any CPU
		{ADF4C125-62AC-45A5-B3CA-E30DF4CDEB64}.Debug|Any CPU.Build.0 = Debug|Any CPU
		{ADF4C125-62AC-45A5-B3CA-E30DF4CDEB64}.Release|Any CPU.ActiveCfg = Release|Any CPU
		{ADF4C125-62AC-45A5-B3CA-E30DF4CDEB64}.Release|Any CPU.Build.0 = Release|Any CPU
		{8D7D927D-3A85-49A6-B4E0-9C89B84C54ED}.Debug|Any CPU.ActiveCfg = Debug|Any CPU
		{8D7D927D-3A85-49A6-B4E0-9C89B84C54ED}.Debug|Any CPU.Build.0 = Debug|Any CPU
		{8D7D927D-3A85-49A6-B4E0-9C89B84C54ED}.Release|Any CPU.ActiveCfg = Release|Any CPU
		{8D7D927D-3A85-49A6-B4E0-9C89B84C54ED}.Release|Any CPU.Build.0 = Release|Any CPU
	EndGlobalSection
	GlobalSection(SolutionProperties) = preSolution
		HideSolutionNode = FALSE
	EndGlobalSection
	GlobalSection(NestedProjects) = preSolution
		{D5784D65-6554-411B-9DBE-C0B22B3D858E} = {09D09B5F-4815-465A-B705-9F9DE8505402}
		{2C6CB899-FFAB-44CC-A64F-CEA1136BE292} = {09D09B5F-4815-465A-B705-9F9DE8505402}
		{A783128F-D952-4E04-A505-B877F090BC0D} = {B4ADD0C1-8ECC-41CF-A351-35DC0A8C29A0}
		{74A3239F-F1CC-481E-BA9E-F8BF4377A4A3} = {9383F755-35DD-4E04-926D-C27A338B653C}
		{4230E7B4-3FD8-4385-AB9F-4F8FE2F35489} = {CCA835F7-20F9-4454-85A1-CEF1C1719F0D}
		{5425AE67-E314-46BC-B242-E791E49FA523} = {CCA835F7-20F9-4454-85A1-CEF1C1719F0D}
		{0A2A5D89-556A-4604-B933-19EBD7AB0435} = {CCA835F7-20F9-4454-85A1-CEF1C1719F0D}
		{ADF4C125-62AC-45A5-B3CA-E30DF4CDEB64} = {F4470D81-4745-4CCC-A82A-E1E8128A788A}
		{8D7D927D-3A85-49A6-B4E0-9C89B84C54ED} = {5BA3A84D-0051-496A-9189-F46430923637}
	EndGlobalSection
EndGlobal
